// !$*UTF8*$!
{
	archiveVersion = 1;
	classes = {
	};
	objectVersion = 50;
	objects = {

/* Begin PBXBuildFile section */
		0FD86CEC218ECBCC002417E9 /* Item.swift in Sources */ = {isa = PBXBuildFile; fileRef = 0FD86CEB218ECBCC002417E9 /* Item.swift */; };
		0FFD6D16218C79B40013AA4D /* AppDelegate.swift in Sources */ = {isa = PBXBuildFile; fileRef = 0FFD6D15218C79B40013AA4D /* AppDelegate.swift */; };
		0FFD6D18218C79B40013AA4D /* ToDoListViewController.swift in Sources */ = {isa = PBXBuildFile; fileRef = 0FFD6D17218C79B40013AA4D /* ToDoListViewController.swift */; };
		0FFD6D1B218C79B40013AA4D /* Main.storyboard in Resources */ = {isa = PBXBuildFile; fileRef = 0FFD6D19218C79B40013AA4D /* Main.storyboard */; };
		0FFD6D1D218C79B50013AA4D /* Assets.xcassets in Resources */ = {isa = PBXBuildFile; fileRef = 0FFD6D1C218C79B50013AA4D /* Assets.xcassets */; };
		0FFD6D20218C79B50013AA4D /* LaunchScreen.storyboard in Resources */ = {isa = PBXBuildFile; fileRef = 0FFD6D1E218C79B50013AA4D /* LaunchScreen.storyboard */; };
/* End PBXBuildFile section */

/* Begin PBXFileReference section */
		0FD86CEB218ECBCC002417E9 /* Item.swift */ = {isa = PBXFileReference; lastKnownFileType = sourcecode.swift; path = Item.swift; sourceTree = "<group>"; };
		0FFD6D12218C79B40013AA4D /* Todoey.app */ = {isa = PBXFileReference; explicitFileType = wrapper.application; includeInIndex = 0; path = Todoey.app; sourceTree = BUILT_PRODUCTS_DIR; };
		0FFD6D15218C79B40013AA4D /* AppDelegate.swift */ = {isa = PBXFileReference; lastKnownFileType = sourcecode.swift; path = AppDelegate.swift; sourceTree = "<group>"; };
		0FFD6D17218C79B40013AA4D /* ToDoListViewController.swift */ = {isa = PBXFileReference; lastKnownFileType = sourcecode.swift; path = ToDoListViewController.swift; sourceTree = "<group>"; };
		0FFD6D1A218C79B40013AA4D /* Base */ = {isa = PBXFileReference; lastKnownFileType = file.storyboard; name = Base; path = Base.lproj/Main.storyboard; sourceTree = "<group>"; };
		0FFD6D1C218C79B50013AA4D /* Assets.xcassets */ = {isa = PBXFileReference; lastKnownFileType = folder.assetcatalog; path = Assets.xcassets; sourceTree = "<group>"; };
		0FFD6D1F218C79B50013AA4D /* Base */ = {isa = PBXFileReference; lastKnownFileType = file.storyboard; name = Base; path = Base.lproj/LaunchScreen.storyboard; sourceTree = "<group>"; };
		0FFD6D21218C79B50013AA4D /* Info.plist */ = {isa = PBXFileReference; lastKnownFileType = text.plist.xml; path = Info.plist; sourceTree = "<group>"; };
/* End PBXFileReference section */

/* Begin PBXFrameworksBuildPhase section */
		0FFD6D0F218C79B40013AA4D /* Frameworks */ = {
			isa = PBXFrameworksBuildPhase;
			buildActionMask = 2147483647;
			files = (
			);
			runOnlyForDeploymentPostprocessing = 0;
		};
/* End PBXFrameworksBuildPhase section */

/* Begin PBXGroup section */
		0FD86CED218ECBF9002417E9 /* Model */ = {
			isa = PBXGroup;
			children = (
				0FD86CEB218ECBCC002417E9 /* Item.swift */,
			);
			path = Model;
			sourceTree = "<group>";
		};
		0FD86CEE218ECC08002417E9 /* Controller */ = {
			isa = PBXGroup;
			children = (
				0FFD6D19218C79B40013AA4D /* Main.storyboard */,
			);
			path = Controller;
			sourceTree = "<group>";
		};
		0FD86CEF218ECC28002417E9 /* View */ = {
			isa = PBXGroup;
			children = (
				0FFD6D17218C79B40013AA4D /* ToDoListViewController.swift */,
			);
			path = View;
			sourceTree = "<group>";
		};
		0FFD6D09218C79B40013AA4D = {
			isa = PBXGroup;
			children = (
				0FFD6D14218C79B40013AA4D /* Todoey */,
				0FFD6D13218C79B40013AA4D /* Products */,
			);
			sourceTree = "<group>";
		};
		0FFD6D13218C79B40013AA4D /* Products */ = {
			isa = PBXGroup;
			children = (
				0FFD6D12218C79B40013AA4D /* Todoey.app */,
			);
			name = Products;
			sourceTree = "<group>";
		};
		0FFD6D14218C79B40013AA4D /* Todoey */ = {
			isa = PBXGroup;
			children = (
				0FFD6D15218C79B40013AA4D /* AppDelegate.swift */,
				0FD86CED218ECBF9002417E9 /* Model */,
				0FD86CEF218ECC28002417E9 /* View */,
				0FD86CEE218ECC08002417E9 /* Controller */,
				0FFD6D1C218C79B50013AA4D /* Assets.xcassets */,
				0FFD6D1E218C79B50013AA4D /* LaunchScreen.storyboard */,
				0FFD6D21218C79B50013AA4D /* Info.plist */,
			);
			path = Todoey;
			sourceTree = "<group>";
		};
/* End PBXGroup section */

/* Begin PBXNativeTarget section */
		0FFD6D11218C79B40013AA4D /* Todoey */ = {
			isa = PBXNativeTarget;
			buildConfigurationList = 0FFD6D24218C79B50013AA4D /* Build configuration list for PBXNativeTarget "Todoey" */;
			buildPhases = (
				0FFD6D0E218C79B40013AA4D /* Sources */,
				0FFD6D0F218C79B40013AA4D /* Frameworks */,
				0FFD6D10218C79B40013AA4D /* Resources */,
			);
			buildRules = (
			);
			dependencies = (
			);
			name = Todoey;
			productName = Todoey;
			productReference = 0FFD6D12218C79B40013AA4D /* Todoey.app */;
			productType = "com.apple.product-type.application";
		};
/* End PBXNativeTarget section */

/* Begin PBXProject section */
		0FFD6D0A218C79B40013AA4D /* Project object */ = {
			isa = PBXProject;
			attributes = {
				LastSwiftUpdateCheck = 1000;
				LastUpgradeCheck = 1000;
				ORGANIZATIONNAME = "James Krisnanda";
				TargetAttributes = {
					0FFD6D11218C79B40013AA4D = {
						CreatedOnToolsVersion = 10.0;
					};
				};
			};
			buildConfigurationList = 0FFD6D0D218C79B40013AA4D /* Build configuration list for PBXProject "Todoey" */;
			compatibilityVersion = "Xcode 9.3";
			developmentRegion = en;
			hasScannedForEncodings = 0;
			knownRegions = (
				en,
				Base,
			);
			mainGroup = 0FFD6D09218C79B40013AA4D;
			productRefGroup = 0FFD6D13218C79B40013AA4D /* Products */;
			projectDirPath = "";
			projectRoot = "";
			targets = (
				0FFD6D11218C79B40013AA4D /* Todoey */,
			);
		};
/* End PBXProject section */

/* Begin PBXResourcesBuildPhase section */
		0FFD6D10218C79B40013AA4D /* Resources */ = {
			isa = PBXResourcesBuildPhase;
			buildActionMask = 2147483647;
			files = (
				0FFD6D20218C79B50013AA4D /* LaunchScreen.storyboard in Resources */,
				0FFD6D1D218C79B50013AA4D /* Assets.xcassets in Resources */,
				0FFD6D1B218C79B40013AA4D /* Main.storyboard in Resources */,
			);
			runOnlyForDeploymentPostprocessing = 0;
		};
/* End PBXResourcesBuildPhase section */

/* Begin PBXSourcesBuildPhase section */
		0FFD6D0E218C79B40013AA4D /* Sources */ = {
			isa = PBXSourcesBuildPhase;
			buildActionMask = 2147483647;
			files = (
				0FFD6D18218C79B40013AA4D /* ToDoListViewController.swift in Sources */,
				0FD86CEC218ECBCC002417E9 /* Item.swift in Sources */,
				0FFD6D16218C79B40013AA4D /* AppDelegate.swift in Sources */,
			);
			runOnlyForDeploymentPostprocessing = 0;
		};
/* End PBXSourcesBuildPhase section */

/* Begin PBXVariantGroup section */
		0FFD6D19218C79B40013AA4D /* Main.storyboard */ = {
			isa = PBXVariantGroup;
			children = (
				0FFD6D1A218C79B40013AA4D /* Base */,
			);
			name = Main.storyboard;
			sourceTree = "<group>";
		};
		0FFD6D1E218C79B50013AA4D /* LaunchScreen.storyboard */ = {
			isa = PBXVariantGroup;
			children = (
				0FFD6D1F218C79B50013AA4D /* Base */,
			);
			name = LaunchScreen.storyboard;
			sourceTree = "<group>";
		};
/* End PBXVariantGroup section */

/* Begin XCBuildConfiguration section */
		0FFD6D22218C79B50013AA4D /* Debug */ = {
			isa = XCBuildConfiguration;
			buildSettings = {
				ALWAYS_SEARCH_USER_PATHS = NO;
				CLANG_ANALYZER_NONNULL = YES;
				CLANG_ANALYZER_NUMBER_OBJECT_CONVERSION = YES_AGGRESSIVE;
				CLANG_CXX_LANGUAGE_STANDARD = "gnu++14";
				CLANG_CXX_LIBRARY = "libc++";
				CLANG_ENABLE_MODULES = YES;
				CLANG_ENABLE_OBJC_ARC = YES;
				CLANG_ENABLE_OBJC_WEAK = YES;
				CLANG_WARN_BLOCK_CAPTURE_AUTORELEASING = YES;
				CLANG_WARN_BOOL_CONVERSION = YES;
				CLANG_WARN_COMMA = YES;
				CLANG_WARN_CONSTANT_CONVERSION = YES;
				CLANG_WARN_DEPRECATED_OBJC_IMPLEMENTATIONS = YES;
				CLANG_WARN_DIRECT_OBJC_ISA_USAGE = YES_ERROR;
				CLANG_WARN_DOCUMENTATION_COMMENTS = YES;
				CLANG_WARN_EMPTY_BODY = YES;
				CLANG_WARN_ENUM_CONVERSION = YES;
				CLANG_WARN_INFINITE_RECURSION = YES;
				CLANG_WARN_INT_CONVERSION = YES;
				CLANG_WARN_NON_LITERAL_NULL_CONVERSION = YES;
				CLANG_WARN_OBJC_IMPLICIT_RETAIN_SELF = YES;
				CLANG_WARN_OBJC_LITERAL_CONVERSION = YES;
				CLANG_WARN_OBJC_ROOT_CLASS = YES_ERROR;
				CLANG_WARN_RANGE_LOOP_ANALYSIS = YES;
				CLANG_WARN_STRICT_PROTOTYPES = YES;
				CLANG_WARN_SUSPICIOUS_MOVE = YES;
				CLANG_WARN_UNGUARDED_AVAILABILITY = YES_AGGRESSIVE;
				CLANG_WARN_UNREACHABLE_CODE = YES;
				CLANG_WARN__DUPLICATE_METHOD_MATCH = YES;
				CODE_SIGN_IDENTITY = "iPhone Developer";
				COPY_PHASE_STRIP = NO;
				DEBUG_INFORMATION_FORMAT = dwarf;
				ENABLE_STRICT_OBJC_MSGSEND = YES;
				ENABLE_TESTABILITY = YES;
				GCC_C_LANGUAGE_STANDARD = gnu11;
				GCC_DYNAMIC_NO_PIC = NO;
				GCC_NO_COMMON_BLOCKS = YES;
				GCC_OPTIMIZATION_LEVEL = 0;
				GCC_PREPROCESSOR_DEFINITIONS = (
					"DEBUG=1",
					"$(inherited)",
				);
				GCC_WARN_64_TO_32_BIT_CONVERSION = YES;
				GCC_WARN_ABOUT_RETURN_TYPE = YES_ERROR;
				GCC_WARN_UNDECLARED_SELECTOR = YES;
				GCC_WARN_UNINITIALIZED_AUTOS = YES_AGGRESSIVE;
				GCC_WARN_UNUSED_FUNCTION = YES;
				GCC_WARN_UNUSED_VARIABLE = YES;
				IPHONEOS_DEPLOYMENT_TARGET = 12.0;
				MTL_ENABLE_DEBUG_INFO = INCLUDE_SOURCE;
				MTL_FAST_MATH = YES;
				ONLY_ACTIVE_ARCH = YES;
				SDKROOT = iphoneos;
				SWIFT_ACTIVE_COMPILATION_CONDITIONS = DEBUG;
				SWIFT_OPTIMIZATION_LEVEL = "-Onone";
			};
			name = Debug;
		};
		0FFD6D23218C79B50013AA4D /* Release */ = {
			isa = XCBuildConfiguration;
			buildSettings = {
				ALWAYS_SEARCH_USER_PATHS = NO;
				CLANG_ANALYZER_NONNULL = YES;
				CLANG_ANALYZER_NUMBER_OBJECT_CONVERSION = YES_AGGRESSIVE;
				CLANG_CXX_LANGUAGE_STANDARD = "gnu++14";
				CLANG_CXX_LIBRARY = "libc++";
				CLANG_ENABLE_MODULES = YES;
				CLANG_ENABLE_OBJC_ARC = YES;
				CLANG_ENABLE_OBJC_WEAK = YES;
				CLANG_WARN_BLOCK_CAPTURE_AUTORELEASING = YES;
				CLANG_WARN_BOOL_CONVERSION = YES;
				CLANG_WARN_COMMA = YES;
				CLANG_WARN_CONSTANT_CONVERSION = YES;
				CLANG_WARN_DEPRECATED_OBJC_IMPLEMENTATIONS = YES;
				CLANG_WARN_DIRECT_OBJC_ISA_USAGE = YES_ERROR;
				CLANG_WARN_DOCUMENTATION_COMMENTS = YES;
				CLANG_WARN_EMPTY_BODY = YES;
				CLANG_WARN_ENUM_CONVERSION = YES;
				CLANG_WARN_INFINITE_RECURSION = YES;
				CLANG_WARN_INT_CONVERSION = YES;
				CLANG_WARN_NON_LITERAL_NULL_CONVERSION = YES;
				CLANG_WARN_OBJC_IMPLICIT_RETAIN_SELF = YES;
				CLANG_WARN_OBJC_LITERAL_CONVERSION = YES;
				CLANG_WARN_OBJC_ROOT_CLASS = YES_ERROR;
				CLANG_WARN_RANGE_LOOP_ANALYSIS = YES;
				CLANG_WARN_STRICT_PROTOTYPES = YES;
				CLANG_WARN_SUSPICIOUS_MOVE = YES;
				CLANG_WARN_UNGUARDED_AVAILABILITY = YES_AGGRESSIVE;
				CLANG_WARN_UNREACHABLE_CODE = YES;
				CLANG_WARN__DUPLICATE_METHOD_MATCH = YES;
				CODE_SIGN_IDENTITY = "iPhone Developer";
				COPY_PHASE_STRIP = NO;
				DEBUG_INFORMATION_FORMAT = "dwarf-with-dsym";
				ENABLE_NS_ASSERTIONS = NO;
				ENABLE_STRICT_OBJC_MSGSEND = YES;
				GCC_C_LANGUAGE_STANDARD = gnu11;
				GCC_NO_COMMON_BLOCKS = YES;
				GCC_WARN_64_TO_32_BIT_CONVERSION = YES;
				GCC_WARN_ABOUT_RETURN_TYPE = YES_ERROR;
				GCC_WARN_UNDECLARED_SELECTOR = YES;
				GCC_WARN_UNINITIALIZED_AUTOS = YES_AGGRESSIVE;
				GCC_WARN_UNUSED_FUNCTION = YES;
				GCC_WARN_UNUSED_VARIABLE = YES;
				IPHONEOS_DEPLOYMENT_TARGET = 12.0;
				MTL_ENABLE_DEBUG_INFO = NO;
				MTL_FAST_MATH = YES;
				SDKROOT = iphoneos;
				SWIFT_COMPILATION_MODE = wholemodule;
				SWIFT_OPTIMIZATION_LEVEL = "-O";
				VALIDATE_PRODUCT = YES;
			};
			name = Release;
		};
		0FFD6D25218C79B50013AA4D /* Debug */ = {
			isa = XCBuildConfiguration;
			buildSettings = {
				ASSETCATALOG_COMPILER_APPICON_NAME = AppIcon;
				CODE_SIGN_STYLE = Automatic;
				DEVELOPMENT_TEAM = XQ8UWLBHX8;
				INFOPLIST_FILE = Todoey/Info.plist;
				LD_RUNPATH_SEARCH_PATHS = (
					"$(inherited)",
					"@executable_path/Frameworks",
				);
				PRODUCT_BUNDLE_IDENTIFIER = James.Todoey;
				PRODUCT_NAME = "$(TARGET_NAME)";
				SWIFT_VERSION = 4.2;
				TARGETED_DEVICE_FAMILY = "1,2";
			};
			name = Debug;
		};
		0FFD6D26218C79B50013AA4D /* Release */ = {
			isa = XCBuildConfiguration;
			buildSettings = {
				ASSETCATALOG_COMPILER_APPICON_NAME = AppIcon;
				CODE_SIGN_STYLE = Automatic;
				DEVELOPMENT_TEAM = XQ8UWLBHX8;
				INFOPLIST_FILE = Todoey/Info.plist;
				LD_RUNPATH_SEARCH_PATHS = (
					"$(inherited)",
					"@executable_path/Frameworks",
				);
				PRODUCT_BUNDLE_IDENTIFIER = James.Todoey;
				PRODUCT_NAME = "$(TARGET_NAME)";
				SWIFT_VERSION = 4.2;
				TARGETED_DEVICE_FAMILY = "1,2";
			};
			name = Release;
		};
/* End XCBuildConfiguration section */

/* Begin XCConfigurationList section */
		0FFD6D0D218C79B40013AA4D /* Build configuration list for PBXProject "Todoey" */ = {
			isa = XCConfigurationList;
			buildConfigurations = (
				0FFD6D22218C79B50013AA4D /* Debug */,
				0FFD6D23218C79B50013AA4D /* Release */,
			);
			defaultConfigurationIsVisible = 0;
			defaultConfigurationName = Release;
		};
		0FFD6D24218C79B50013AA4D /* Build configuration list for PBXNativeTarget "Todoey" */ = {
			isa = XCConfigurationList;
			buildConfigurations = (
				0FFD6D25218C79B50013AA4D /* Debug */,
				0FFD6D26218C79B50013AA4D /* Release */,
			);
			defaultConfigurationIsVisible = 0;
			defaultConfigurationName = Release;
		};
/* End XCConfigurationList section */
	};
	rootObject = 0FFD6D0A218C79B40013AA4D /* Project object */;
}
